
Microsoft Visual Studio Solution File, Format Version 12.00
# Visual Studio Version 16
VisualStudioVersion = 16.0.30804.86
MinimumVisualStudioVersion = 10.0.40219.1
Project("{FAE04EC0-301F-11D3-BF4B-00C04F79EFBC}") = "StrategyAssignment", "StrategyAssignment\StrategyAssignment.csproj", "{A98583C8-B4EE-4EBC-8EEF-7BAC7D66BE34}"
EndProject
Global
	GlobalSection(SolutionConfigurationPlatforms) = preSolution
		Debug|Any CPU = Debug|Any CPU
		Release|Any CPU = Release|Any CPU
	EndGlobalSection
	GlobalSection(ProjectConfigurationPlatforms) = postSolution
		{A98583C8-B4EE-4EBC-8EEF-7BAC7D66BE34}.Debug|Any CPU.ActiveCfg = Debug|Any CPU
		{A98583C8-B4EE-4EBC-8EEF-7BAC7D66BE34}.Debug|Any CPU.Build.0 = Debug|Any CPU
		{A98583C8-B4EE-4EBC-8EEF-7BAC7D66BE34}.Release|Any CPU.ActiveCfg = Release|Any CPU
		{A98583C8-B4EE-4EBC-8EEF-7BAC7D66BE34}.Release|Any CPU.Build.0 = Release|Any CPU
	EndGlobalSection
	GlobalSection(SolutionProperties) = preSolution
		HideSolutionNode = FALSE
	EndGlobalSection
	GlobalSection(ExtensibilityGlobals) = postSolution
		SolutionGuid = {6B7A5641-1270-4FD4-895F-D993D4184131}
	EndGlobalSection
EndGlobal
